// !$*UTF8*$!
{
	archiveVersion = 1;
	classes = {
	};
	objectVersion = 55;
	objects = {

/* Begin PBXBuildFile section */
		CF481CF1283CEDB500B1F519 /* AppDelegate.swift in Sources */ = {isa = PBXBuildFile; fileRef = CF481CF0283CEDB500B1F519 /* AppDelegate.swift */; };
		CF481CF3283CEDB500B1F519 /* SceneDelegate.swift in Sources */ = {isa = PBXBuildFile; fileRef = CF481CF2283CEDB500B1F519 /* SceneDelegate.swift */; };
		CF481CF5283CEDB500B1F519 /* HomeViewController.swift in Sources */ = {isa = PBXBuildFile; fileRef = CF481CF4283CEDB500B1F519 /* HomeViewController.swift */; };
		CF481CF8283CEDB500B1F519 /* Main.storyboard in Resources */ = {isa = PBXBuildFile; fileRef = CF481CF6283CEDB500B1F519 /* Main.storyboard */; };
		CF481CFA283CEDB700B1F519 /* Assets.xcassets in Resources */ = {isa = PBXBuildFile; fileRef = CF481CF9283CEDB700B1F519 /* Assets.xcassets */; };
		CF481CFD283CEDB700B1F519 /* LaunchScreen.storyboard in Resources */ = {isa = PBXBuildFile; fileRef = CF481CFB283CEDB700B1F519 /* LaunchScreen.storyboard */; };
		CF481D06283CF2DA00B1F519 /* RegistrationViewController.swift in Sources */ = {isa = PBXBuildFile; fileRef = CF481D05283CF2DA00B1F519 /* RegistrationViewController.swift */; };
		CF481D08283CF62900B1F519 /* Flutter task (3).pdf in Resources */ = {isa = PBXBuildFile; fileRef = CF481D07283CF62900B1F519 /* Flutter task (3).pdf */; };
		CF481D0A283CFD3400B1F519 /* DashboardViewController.swift in Sources */ = {isa = PBXBuildFile; fileRef = CF481D09283CFD3400B1F519 /* DashboardViewController.swift */; };
		CF481D11283CFE1500B1F519 /* ProductModel.swift in Sources */ = {isa = PBXBuildFile; fileRef = CF481D10283CFE1500B1F519 /* ProductModel.swift */; };
		CF481D15283D004800B1F519 /* NetworkManager.swift in Sources */ = {isa = PBXBuildFile; fileRef = CF481D14283D004800B1F519 /* NetworkManager.swift */; };
		CF481D18283D26F200B1F519 /* Extension + TextField.swift in Sources */ = {isa = PBXBuildFile; fileRef = CF481D17283D26F200B1F519 /* Extension + TextField.swift */; };
		CF481D1A283D275300B1F519 /* Extension + String.swift in Sources */ = {isa = PBXBuildFile; fileRef = CF481D19283D275300B1F519 /* Extension + String.swift */; };
		CF481D1D283D362D00B1F519 /* SDWebImage in Frameworks */ = {isa = PBXBuildFile; productRef = CF481D1C283D362D00B1F519 /* SDWebImage */; };
/* End PBXBuildFile section */

/* Begin PBXFileReference section */
		CF481CED283CEDB500B1F519 /* TestTask.app */ = {isa = PBXFileReference; explicitFileType = wrapper.application; includeInIndex = 0; path = TestTask.app; sourceTree = BUILT_PRODUCTS_DIR; };
		CF481CF0283CEDB500B1F519 /* AppDelegate.swift */ = {isa = PBXFileReference; lastKnownFileType = sourcecode.swift; path = AppDelegate.swift; sourceTree = "<group>"; };
		CF481CF2283CEDB500B1F519 /* SceneDelegate.swift */ = {isa = PBXFileReference; lastKnownFileType = sourcecode.swift; path = SceneDelegate.swift; sourceTree = "<group>"; };
		CF481CF4283CEDB500B1F519 /* HomeViewController.swift */ = {isa = PBXFileReference; lastKnownFileType = sourcecode.swift; path = HomeViewController.swift; sourceTree = "<group>"; };
		CF481CF7283CEDB500B1F519 /* Base */ = {isa = PBXFileReference; lastKnownFileType = file.storyboard; name = Base; path = Base.lproj/Main.storyboard; sourceTree = "<group>"; };
		CF481CF9283CEDB700B1F519 /* Assets.xcassets */ = {isa = PBXFileReference; lastKnownFileType = folder.assetcatalog; path = Assets.xcassets; sourceTree = "<group>"; };
		CF481CFC283CEDB700B1F519 /* Base */ = {isa = PBXFileReference; lastKnownFileType = file.storyboard; name = Base; path = Base.lproj/LaunchScreen.storyboard; sourceTree = "<group>"; };
		CF481CFE283CEDB700B1F519 /* Info.plist */ = {isa = PBXFileReference; lastKnownFileType = text.plist.xml; path = Info.plist; sourceTree = "<group>"; };
		CF481D05283CF2DA00B1F519 /* RegistrationViewController.swift */ = {isa = PBXFileReference; lastKnownFileType = sourcecode.swift; path = RegistrationViewController.swift; sourceTree = "<group>"; };
		CF481D07283CF62900B1F519 /* Flutter task (3).pdf */ = {isa = PBXFileReference; lastKnownFileType = image.pdf; path = "Flutter task (3).pdf"; sourceTree = "<group>"; };
		CF481D09283CFD3400B1F519 /* DashboardViewController.swift */ = {isa = PBXFileReference; lastKnownFileType = sourcecode.swift; path = DashboardViewController.swift; sourceTree = "<group>"; };
		CF481D10283CFE1500B1F519 /* ProductModel.swift */ = {isa = PBXFileReference; lastKnownFileType = sourcecode.swift; path = ProductModel.swift; sourceTree = "<group>"; };
		CF481D14283D004800B1F519 /* NetworkManager.swift */ = {isa = PBXFileReference; lastKnownFileType = sourcecode.swift; path = NetworkManager.swift; sourceTree = "<group>"; };
		CF481D17283D26F200B1F519 /* Extension + TextField.swift */ = {isa = PBXFileReference; lastKnownFileType = sourcecode.swift; path = "Extension + TextField.swift"; sourceTree = "<group>"; };
		CF481D19283D275300B1F519 /* Extension + String.swift */ = {isa = PBXFileReference; lastKnownFileType = sourcecode.swift; path = "Extension + String.swift"; sourceTree = "<group>"; };
/* End PBXFileReference section */

/* Begin PBXFrameworksBuildPhase section */
		CF481CEA283CEDB500B1F519 /* Frameworks */ = {
			isa = PBXFrameworksBuildPhase;
			buildActionMask = 2147483647;
			files = (
				CF481D1D283D362D00B1F519 /* SDWebImage in Frameworks */,
			);
			runOnlyForDeploymentPostprocessing = 0;
		};
/* End PBXFrameworksBuildPhase section */

/* Begin PBXGroup section */
		CF481CE4283CEDB500B1F519 = {
			isa = PBXGroup;
			children = (
				CF481CEF283CEDB500B1F519 /* TestTask */,
				CF481CEE283CEDB500B1F519 /* Products */,
			);
			sourceTree = "<group>";
		};
		CF481CEE283CEDB500B1F519 /* Products */ = {
			isa = PBXGroup;
			children = (
				CF481CED283CEDB500B1F519 /* TestTask.app */,
			);
			name = Products;
			sourceTree = "<group>";
		};
		CF481CEF283CEDB500B1F519 /* TestTask */ = {
			isa = PBXGroup;
			children = (
				CF481D16283D26E100B1F519 /* Extensions */,
				CF481D0D283CFDAF00B1F519 /* Resources */,
				CF481D04283CF27800B1F519 /* App */,
				CF481D0F283CFDCF00B1F519 /* Services */,
				CF481D0E283CFDC400B1F519 /* Model */,
				CF481D0B283CFD9700B1F519 /* ViewControllers */,
				CF481D0C283CFDA300B1F519 /* Storyboards */,
				CF481D07283CF62900B1F519 /* Flutter task (3).pdf */,
			);
			path = TestTask;
			sourceTree = "<group>";
		};
		CF481D04283CF27800B1F519 /* App */ = {
			isa = PBXGroup;
			children = (
				CF481CF0283CEDB500B1F519 /* AppDelegate.swift */,
				CF481CF2283CEDB500B1F519 /* SceneDelegate.swift */,
				CF481CFE283CEDB700B1F519 /* Info.plist */,
			);
			path = App;
			sourceTree = "<group>";
		};
		CF481D0B283CFD9700B1F519 /* ViewControllers */ = {
			isa = PBXGroup;
			children = (
				CF481CF4283CEDB500B1F519 /* HomeViewController.swift */,
				CF481D05283CF2DA00B1F519 /* RegistrationViewController.swift */,
				CF481D09283CFD3400B1F519 /* DashboardViewController.swift */,
			);
			path = ViewControllers;
			sourceTree = "<group>";
		};
		CF481D0C283CFDA300B1F519 /* Storyboards */ = {
			isa = PBXGroup;
			children = (
				CF481CF6283CEDB500B1F519 /* Main.storyboard */,
				CF481CFB283CEDB700B1F519 /* LaunchScreen.storyboard */,
			);
			path = Storyboards;
			sourceTree = "<group>";
		};
		CF481D0D283CFDAF00B1F519 /* Resources */ = {
			isa = PBXGroup;
			children = (
				CF481CF9283CEDB700B1F519 /* Assets.xcassets */,
			);
			path = Resources;
			sourceTree = "<group>";
		};
		CF481D0E283CFDC400B1F519 /* Model */ = {
			isa = PBXGroup;
			children = (
				CF481D10283CFE1500B1F519 /* ProductModel.swift */,
			);
			path = Model;
			sourceTree = "<group>";
		};
		CF481D0F283CFDCF00B1F519 /* Services */ = {
			isa = PBXGroup;
			children = (
				CF481D14283D004800B1F519 /* NetworkManager.swift */,
			);
			path = Services;
			sourceTree = "<group>";
		};
		CF481D16283D26E100B1F519 /* Extensions */ = {
			isa = PBXGroup;
			children = (
				CF481D17283D26F200B1F519 /* Extension + TextField.swift */,
				CF481D19283D275300B1F519 /* Extension + String.swift */,
			);
			path = Extensions;
			sourceTree = "<group>";
		};
/* End PBXGroup section */

/* Begin PBXNativeTarget section */
		CF481CEC283CEDB500B1F519 /* TestTask */ = {
			isa = PBXNativeTarget;
			buildConfigurationList = CF481D01283CEDB700B1F519 /* Build configuration list for PBXNativeTarget "TestTask" */;
			buildPhases = (
				CF481CE9283CEDB500B1F519 /* Sources */,
				CF481CEA283CEDB500B1F519 /* Frameworks */,
				CF481CEB283CEDB500B1F519 /* Resources */,
			);
			buildRules = (
			);
			dependencies = (
			);
			name = TestTask;
			packageProductDependencies = (
				CF481D1C283D362D00B1F519 /* SDWebImage */,
			);
			productName = TestTask;
			productReference = CF481CED283CEDB500B1F519 /* TestTask.app */;
			productType = "com.apple.product-type.application";
		};
/* End PBXNativeTarget section */

/* Begin PBXProject section */
		CF481CE5283CEDB500B1F519 /* Project object */ = {
			isa = PBXProject;
			attributes = {
				BuildIndependentTargetsInParallel = 1;
				LastSwiftUpdateCheck = 1340;
				LastUpgradeCheck = 1340;
				TargetAttributes = {
					CF481CEC283CEDB500B1F519 = {
						CreatedOnToolsVersion = 13.4;
					};
				};
			};
			buildConfigurationList = CF481CE8283CEDB500B1F519 /* Build configuration list for PBXProject "TestTask" */;
			compatibilityVersion = "Xcode 13.0";
			developmentRegion = en;
			hasScannedForEncodings = 0;
			knownRegions = (
				en,
				Base,
			);
			mainGroup = CF481CE4283CEDB500B1F519;
			packageReferences = (
				CF481D1B283D362D00B1F519 /* XCRemoteSwiftPackageReference "SDWebImage" */,
			);
			productRefGroup = CF481CEE283CEDB500B1F519 /* Products */;
			projectDirPath = "";
			projectRoot = "";
			targets = (
				CF481CEC283CEDB500B1F519 /* TestTask */,
			);
		};
/* End PBXProject section */

/* Begin PBXResourcesBuildPhase section */
		CF481CEB283CEDB500B1F519 /* Resources */ = {
			isa = PBXResourcesBuildPhase;
			buildActionMask = 2147483647;
			files = (
				CF481CFD283CEDB700B1F519 /* LaunchScreen.storyboard in Resources */,
				CF481D08283CF62900B1F519 /* Flutter task (3).pdf in Resources */,
				CF481CFA283CEDB700B1F519 /* Assets.xcassets in Resources */,
				CF481CF8283CEDB500B1F519 /* Main.storyboard in Resources */,
			);
			runOnlyForDeploymentPostprocessing = 0;
		};
/* End PBXResourcesBuildPhase section */

/* Begin PBXSourcesBuildPhase section */
		CF481CE9283CEDB500B1F519 /* Sources */ = {
			isa = PBXSourcesBuildPhase;
			buildActionMask = 2147483647;
			files = (
				CF481CF5283CEDB500B1F519 /* HomeViewController.swift in Sources */,
				CF481D11283CFE1500B1F519 /* ProductModel.swift in Sources */,
				CF481CF1283CEDB500B1F519 /* AppDelegate.swift in Sources */,
				CF481D0A283CFD3400B1F519 /* DashboardViewController.swift in Sources */,
				CF481D06283CF2DA00B1F519 /* RegistrationViewController.swift in Sources */,
				CF481D1A283D275300B1F519 /* Extension + String.swift in Sources */,
				CF481D15283D004800B1F519 /* NetworkManager.swift in Sources */,
				CF481CF3283CEDB500B1F519 /* SceneDelegate.swift in Sources */,
				CF481D18283D26F200B1F519 /* Extension + TextField.swift in Sources */,
			);
			runOnlyForDeploymentPostprocessing = 0;
		};
/* End PBXSourcesBuildPhase section */

/* Begin PBXVariantGroup section */
		CF481CF6283CEDB500B1F519 /* Main.storyboard */ = {
			isa = PBXVariantGroup;
			children = (
				CF481CF7283CEDB500B1F519 /* Base */,
			);
			name = Main.storyboard;
			sourceTree = "<group>";
		};
		CF481CFB283CEDB700B1F519 /* LaunchScreen.storyboard */ = {
			isa = PBXVariantGroup;
			children = (
				CF481CFC283CEDB700B1F519 /* Base */,
			);
			name = LaunchScreen.storyboard;
			sourceTree = "<group>";
		};
/* End PBXVariantGroup section */

/* Begin XCBuildConfiguration section */
		CF481CFF283CEDB700B1F519 /* Debug */ = {
			isa = XCBuildConfiguration;
			buildSettings = {
				ALWAYS_SEARCH_USER_PATHS = NO;
				CLANG_ANALYZER_NONNULL = YES;
				CLANG_ANALYZER_NUMBER_OBJECT_CONVERSION = YES_AGGRESSIVE;
				CLANG_CXX_LANGUAGE_STANDARD = "gnu++17";
				CLANG_ENABLE_MODULES = YES;
				CLANG_ENABLE_OBJC_ARC = YES;
				CLANG_ENABLE_OBJC_WEAK = YES;
				CLANG_WARN_BLOCK_CAPTURE_AUTORELEASING = YES;
				CLANG_WARN_BOOL_CONVERSION = YES;
				CLANG_WARN_COMMA = YES;
				CLANG_WARN_CONSTANT_CONVERSION = YES;
				CLANG_WARN_DEPRECATED_OBJC_IMPLEMENTATIONS = YES;
				CLANG_WARN_DIRECT_OBJC_ISA_USAGE = YES_ERROR;
				CLANG_WARN_DOCUMENTATION_COMMENTS = YES;
				CLANG_WARN_EMPTY_BODY = YES;
				CLANG_WARN_ENUM_CONVERSION = YES;
				CLANG_WARN_INFINITE_RECURSION = YES;
				CLANG_WARN_INT_CONVERSION = YES;
				CLANG_WARN_NON_LITERAL_NULL_CONVERSION = YES;
				CLANG_WARN_OBJC_IMPLICIT_RETAIN_SELF = YES;
				CLANG_WARN_OBJC_LITERAL_CONVERSION = YES;
				CLANG_WARN_OBJC_ROOT_CLASS = YES_ERROR;
				CLANG_WARN_QUOTED_INCLUDE_IN_FRAMEWORK_HEADER = YES;
				CLANG_WARN_RANGE_LOOP_ANALYSIS = YES;
				CLANG_WARN_STRICT_PROTOTYPES = YES;
				CLANG_WARN_SUSPICIOUS_MOVE = YES;
				CLANG_WARN_UNGUARDED_AVAILABILITY = YES_AGGRESSIVE;
				CLANG_WARN_UNREACHABLE_CODE = YES;
				CLANG_WARN__DUPLICATE_METHOD_MATCH = YES;
				COPY_PHASE_STRIP = NO;
				DEBUG_INFORMATION_FORMAT = dwarf;
				ENABLE_STRICT_OBJC_MSGSEND = YES;
				ENABLE_TESTABILITY = YES;
				GCC_C_LANGUAGE_STANDARD = gnu11;
				GCC_DYNAMIC_NO_PIC = NO;
				GCC_NO_COMMON_BLOCKS = YES;
				GCC_OPTIMIZATION_LEVEL = 0;
				GCC_PREPROCESSOR_DEFINITIONS = (
					"DEBUG=1",
					"$(inherited)",
				);
				GCC_WARN_64_TO_32_BIT_CONVERSION = YES;
				GCC_WARN_ABOUT_RETURN_TYPE = YES_ERROR;
				GCC_WARN_UNDECLARED_SELECTOR = YES;
				GCC_WARN_UNINITIALIZED_AUTOS = YES_AGGRESSIVE;
				GCC_WARN_UNUSED_FUNCTION = YES;
				GCC_WARN_UNUSED_VARIABLE = YES;
				IPHONEOS_DEPLOYMENT_TARGET = 15.5;
				MTL_ENABLE_DEBUG_INFO = INCLUDE_SOURCE;
				MTL_FAST_MATH = YES;
				ONLY_ACTIVE_ARCH = YES;
				SDKROOT = iphoneos;
				SWIFT_ACTIVE_COMPILATION_CONDITIONS = DEBUG;
				SWIFT_OPTIMIZATION_LEVEL = "-Onone";
			};
			name = Debug;
		};
		CF481D00283CEDB700B1F519 /* Release */ = {
			isa = XCBuildConfiguration;
			buildSettings = {
				ALWAYS_SEARCH_USER_PATHS = NO;
				CLANG_ANALYZER_NONNULL = YES;
				CLANG_ANALYZER_NUMBER_OBJECT_CONVERSION = YES_AGGRESSIVE;
				CLANG_CXX_LANGUAGE_STANDARD = "gnu++17";
				CLANG_ENABLE_MODULES = YES;
				CLANG_ENABLE_OBJC_ARC = YES;
				CLANG_ENABLE_OBJC_WEAK = YES;
				CLANG_WARN_BLOCK_CAPTURE_AUTORELEASING = YES;
				CLANG_WARN_BOOL_CONVERSION = YES;
				CLANG_WARN_COMMA = YES;
				CLANG_WARN_CONSTANT_CONVERSION = YES;
				CLANG_WARN_DEPRECATED_OBJC_IMPLEMENTATIONS = YES;
				CLANG_WARN_DIRECT_OBJC_ISA_USAGE = YES_ERROR;
				CLANG_WARN_DOCUMENTATION_COMMENTS = YES;
				CLANG_WARN_EMPTY_BODY = YES;
				CLANG_WARN_ENUM_CONVERSION = YES;
				CLANG_WARN_INFINITE_RECURSION = YES;
				CLANG_WARN_INT_CONVERSION = YES;
				CLANG_WARN_NON_LITERAL_NULL_CONVERSION = YES;
				CLANG_WARN_OBJC_IMPLICIT_RETAIN_SELF = YES;
				CLANG_WARN_OBJC_LITERAL_CONVERSION = YES;
				CLANG_WARN_OBJC_ROOT_CLASS = YES_ERROR;
				CLANG_WARN_QUOTED_INCLUDE_IN_FRAMEWORK_HEADER = YES;
				CLANG_WARN_RANGE_LOOP_ANALYSIS = YES;
				CLANG_WARN_STRICT_PROTOTYPES = YES;
				CLANG_WARN_SUSPICIOUS_MOVE = YES;
				CLANG_WARN_UNGUARDED_AVAILABILITY = YES_AGGRESSIVE;
				CLANG_WARN_UNREACHABLE_CODE = YES;
				CLANG_WARN__DUPLICATE_METHOD_MATCH = YES;
				COPY_PHASE_STRIP = NO;
				DEBUG_INFORMATION_FORMAT = "dwarf-with-dsym";
				ENABLE_NS_ASSERTIONS = NO;
				ENABLE_STRICT_OBJC_MSGSEND = YES;
				GCC_C_LANGUAGE_STANDARD = gnu11;
				GCC_NO_COMMON_BLOCKS = YES;
				GCC_WARN_64_TO_32_BIT_CONVERSION = YES;
				GCC_WARN_ABOUT_RETURN_TYPE = YES_ERROR;
				GCC_WARN_UNDECLARED_SELECTOR = YES;
				GCC_WARN_UNINITIALIZED_AUTOS = YES_AGGRESSIVE;
				GCC_WARN_UNUSED_FUNCTION = YES;
				GCC_WARN_UNUSED_VARIABLE = YES;
				IPHONEOS_DEPLOYMENT_TARGET = 15.5;
				MTL_ENABLE_DEBUG_INFO = NO;
				MTL_FAST_MATH = YES;
				SDKROOT = iphoneos;
				SWIFT_COMPILATION_MODE = wholemodule;
				SWIFT_OPTIMIZATION_LEVEL = "-O";
				VALIDATE_PRODUCT = YES;
			};
			name = Release;
		};
		CF481D02283CEDB700B1F519 /* Debug */ = {
			isa = XCBuildConfiguration;
			buildSettings = {
				ASSETCATALOG_COMPILER_APPICON_NAME = AppIcon;
				ASSETCATALOG_COMPILER_GLOBAL_ACCENT_COLOR_NAME = AccentColor;
				CODE_SIGN_STYLE = Automatic;
				CURRENT_PROJECT_VERSION = 1;
				DEVELOPMENT_TEAM = L7KZPDRX49;
				GENERATE_INFOPLIST_FILE = YES;
				INFOPLIST_FILE = TestTask/App/Info.plist;
				INFOPLIST_KEY_UIApplicationSupportsIndirectInputEvents = YES;
				INFOPLIST_KEY_UILaunchStoryboardName = LaunchScreen;
				INFOPLIST_KEY_UIMainStoryboardFile = Main;
				INFOPLIST_KEY_UISupportedInterfaceOrientations_iPad = "UIInterfaceOrientationPortrait UIInterfaceOrientationPortraitUpsideDown UIInterfaceOrientationLandscapeLeft UIInterfaceOrientationLandscapeRight";
				INFOPLIST_KEY_UISupportedInterfaceOrientations_iPhone = "UIInterfaceOrientationPortrait UIInterfaceOrientationLandscapeLeft UIInterfaceOrientationLandscapeRight";
				LD_RUNPATH_SEARCH_PATHS = (
					"$(inherited)",
					"@executable_path/Frameworks",
				);
				MARKETING_VERSION = 1.0;
				PRODUCT_BUNDLE_IDENTIFIER = pmatar.TestTask;
				PRODUCT_NAME = "$(TARGET_NAME)";
				SWIFT_EMIT_LOC_STRINGS = YES;
				SWIFT_VERSION = 5.0;
				TARGETED_DEVICE_FAMILY = "1,2";
			};
			name = Debug;
		};
		CF481D03283CEDB700B1F519 /* Release */ = {
			isa = XCBuildConfiguration;
			buildSettings = {
				ASSETCATALOG_COMPILER_APPICON_NAME = AppIcon;
				ASSETCATALOG_COMPILER_GLOBAL_ACCENT_COLOR_NAME = AccentColor;
				CODE_SIGN_STYLE = Automatic;
				CURRENT_PROJECT_VERSION = 1;
				DEVELOPMENT_TEAM = L7KZPDRX49;
				GENERATE_INFOPLIST_FILE = YES;
				INFOPLIST_FILE = TestTask/App/Info.plist;
				INFOPLIST_KEY_UIApplicationSupportsIndirectInputEvents = YES;
				INFOPLIST_KEY_UILaunchStoryboardName = LaunchScreen;
				INFOPLIST_KEY_UIMainStoryboardFile = Main;
				INFOPLIST_KEY_UISupportedInterfaceOrientations_iPad = "UIInterfaceOrientationPortrait UIInterfaceOrientationPortraitUpsideDown UIInterfaceOrientationLandscapeLeft UIInterfaceOrientationLandscapeRight";
				INFOPLIST_KEY_UISupportedInterfaceOrientations_iPhone = "UIInterfaceOrientationPortrait UIInterfaceOrientationLandscapeLeft UIInterfaceOrientationLandscapeRight";
				LD_RUNPATH_SEARCH_PATHS = (
					"$(inherited)",
					"@executable_path/Frameworks",
				);
				MARKETING_VERSION = 1.0;
				PRODUCT_BUNDLE_IDENTIFIER = pmatar.TestTask;
				PRODUCT_NAME = "$(TARGET_NAME)";
				SWIFT_EMIT_LOC_STRINGS = YES;
				SWIFT_VERSION = 5.0;
				TARGETED_DEVICE_FAMILY = "1,2";
			};
			name = Release;
		};
/* End XCBuildConfiguration section */

/* Begin XCConfigurationList section */
		CF481CE8283CEDB500B1F519 /* Build configuration list for PBXProject "TestTask" */ = {
			isa = XCConfigurationList;
			buildConfigurations = (
				CF481CFF283CEDB700B1F519 /* Debug */,
				CF481D00283CEDB700B1F519 /* Release */,
			);
			defaultConfigurationIsVisible = 0;
			defaultConfigurationName = Release;
		};
		CF481D01283CEDB700B1F519 /* Build configuration list for PBXNativeTarget "TestTask" */ = {
			isa = XCConfigurationList;
			buildConfigurations = (
				CF481D02283CEDB700B1F519 /* Debug */,
				CF481D03283CEDB700B1F519 /* Release */,
			);
			defaultConfigurationIsVisible = 0;
			defaultConfigurationName = Release;
		};
/* End XCConfigurationList section */

/* Begin XCRemoteSwiftPackageReference section */
		CF481D1B283D362D00B1F519 /* XCRemoteSwiftPackageReference "SDWebImage" */ = {
			isa = XCRemoteSwiftPackageReference;
			repositoryURL = "https://github.com/SDWebImage/SDWebImage";
			requirement = {
				kind = upToNextMajorVersion;
				minimumVersion = 5.0.0;
			};
		};
/* End XCRemoteSwiftPackageReference section */

/* Begin XCSwiftPackageProductDependency section */
		CF481D1C283D362D00B1F519 /* SDWebImage */ = {
			isa = XCSwiftPackageProductDependency;
			package = CF481D1B283D362D00B1F519 /* XCRemoteSwiftPackageReference "SDWebImage" */;
			productName = SDWebImage;
		};
/* End XCSwiftPackageProductDependency section */
	};
	rootObject = CF481CE5283CEDB500B1F519 /* Project object */;
}
